<?xml version="1.0" encoding="utf-8"?>
<Project ToolsVersion="15.0" xmlns="http://schemas.microsoft.com/developer/msbuild/2003">
  <ItemGroup>
    <Filter Include="Resources">
      <UniqueIdentifier>accd3aa8-1ba0-4223-9bbe-0c431709210b</UniqueIdentifier>
      <Extensions>rc;ico;cur;bmp;dlg;rc2;rct;bin;rgs;gif;jpg;jpeg;jpe;resx;tga;tiff;tif;png;wav;mfcribbon-ms</Extensions>
    </Filter>
    <Filter Include="Generated Files">
      <UniqueIdentifier>{926ab91d-31b4-48c3-b9a4-e681349f27f0}</UniqueIdentifier>
    </Filter>
    <Filter Include="include">
      <UniqueIdentifier>{6c9dedf8-ec39-4063-870c-b0a436523378}</UniqueIdentifier>
    </Filter>
    <Filter Include="include\Events">
      <UniqueIdentifier>{fa88aee4-74a4-4551-856a-574cf33edd35}</UniqueIdentifier>
    </Filter>
    <Filter Include="include\Services">
      <UniqueIdentifier>{dc2a0563-06fc-4c90-80dc-c08a79481d8b}</UniqueIdentifier>
    </Filter>
    <Filter Include="src">
      <UniqueIdentifier>{4636fd81-628b-44da-a319-779dbe0a65ec}</UniqueIdentifier>
    </Filter>
    <Filter Include="src\Events">
      <UniqueIdentifier>{e6039f32-5727-4583-9395-92c663532f50}</UniqueIdentifier>
    </Filter>
  </ItemGroup>
  <ItemGroup>
    <ClCompile Include="pch.cpp" />
    <ClCompile Include="Generated Files\module.g.cpp">
      <Filter>Generated Files</Filter>
    </ClCompile>
    <ClCompile Include="src\Container.cpp">
      <Filter>src</Filter>
    </ClCompile>
    <ClCompile Include="src\Events\EventToken.cpp">
      <Filter>src\Events</Filter>
    </ClCompile>
    <ClCompile Include="src\ViewModelBase.cpp">
      <Filter>src</Filter>
    </ClCompile>
    <ClCompile Include="src\Frame.cpp">
      <Filter>src</Filter>
    </ClCompile>
    <ClCompile Include="src\FoxApp.cpp">
      <Filter>src</Filter>
    </ClCompile>
  </ItemGroup>
  <ItemGroup>
    <ClInclude Include="pch.h" />
    <ClInclude Include="include\ViewModelBase.h">
      <Filter>include</Filter>
    </ClInclude>
    <ClInclude Include="include\ViewModelFactory.h">
      <Filter>include</Filter>
    </ClInclude>
    <ClInclude Include="include\VectorHelpers.h">
      <Filter>include</Filter>
    </ClInclude>
    <ClInclude Include="include\PageBase.h">
      <Filter>include</Filter>
    </ClInclude>
    <ClInclude Include="include\Container.h">
      <Filter>include</Filter>
    </ClInclude>
    <ClInclude Include="include\Services\UseServices.h">
      <Filter>include\Services</Filter>
    </ClInclude>
    <ClInclude Include="include\Services\ServiceInterface.h">
      <Filter>include\Services</Filter>
    </ClInclude>
    <ClInclude Include="include\Events\EventBus.h">
      <Filter>include\Events</Filter>
    </ClInclude>
    <ClInclude Include="include\Events\Event.h">
      <Filter>include\Events</Filter>
    </ClInclude>
    <ClInclude Include="include\Events\EventToken.h">
      <Filter>include\Events</Filter>
    </ClInclude>
    <ClInclude Include="include\Frame.h">
      <Filter>include</Filter>
    </ClInclude>
    <ClInclude Include="include\App2.h">
      <Filter>include</Filter>
    </ClInclude>
    <ClInclude Include="include\FoxApp.h">
      <Filter>include</Filter>
    </ClInclude>
  </ItemGroup>
  <ItemGroup>
    <None Include="FoxTail.def" />
  </ItemGroup>
  <ItemGroup>
    <Text Include="readme.txt" />
  </ItemGroup>
  <ItemGroup>
    <Midl Include="src\ViewModelBase.idl">
      <Filter>src</Filter>
    </Midl>
    <Midl Include="src\Frame.idl">
      <Filter>src</Filter>
    </Midl>
    <Midl Include="src\FoxApp.idl">
      <Filter>src</Filter>
    </Midl>
  </ItemGroup>
</Project>